// !$*UTF8*$!
{
	archiveVersion = 1;
	classes = {
	};
	objectVersion = 56;
	objects = {

/* Begin PBXBuildFile section */
		2963A2F72B05F5FB00A1DFB8 /* MixtifyDemoApp.swift in Sources */ = {isa = PBXBuildFile; fileRef = 2963A2F62B05F5FB00A1DFB8 /* MixtifyDemoApp.swift */; };
		2963A2F92B05F5FB00A1DFB8 /* ContentView.swift in Sources */ = {isa = PBXBuildFile; fileRef = 2963A2F82B05F5FB00A1DFB8 /* ContentView.swift */; };
		2963A2FB2B05F5FC00A1DFB8 /* Assets.xcassets in Resources */ = {isa = PBXBuildFile; fileRef = 2963A2FA2B05F5FC00A1DFB8 /* Assets.xcassets */; };
		2963A2FF2B05F5FC00A1DFB8 /* Preview Assets.xcassets in Resources */ = {isa = PBXBuildFile; fileRef = 2963A2FE2B05F5FC00A1DFB8 /* Preview Assets.xcassets */; };
		2963A3092B05F5FC00A1DFB8 /* MixtifyDemoTests.swift in Sources */ = {isa = PBXBuildFile; fileRef = 2963A3082B05F5FC00A1DFB8 /* MixtifyDemoTests.swift */; };
		2963A3132B05F5FC00A1DFB8 /* MixtifyDemoUITests.swift in Sources */ = {isa = PBXBuildFile; fileRef = 2963A3122B05F5FC00A1DFB8 /* MixtifyDemoUITests.swift */; };
		2963A3152B05F5FC00A1DFB8 /* MixtifyDemoUITestsLaunchTests.swift in Sources */ = {isa = PBXBuildFile; fileRef = 2963A3142B05F5FC00A1DFB8 /* MixtifyDemoUITestsLaunchTests.swift */; };
		2963A3222B05F63300A1DFB8 /* WelcomeView.swift in Sources */ = {isa = PBXBuildFile; fileRef = 2963A3212B05F63200A1DFB8 /* WelcomeView.swift */; };
		2963A3242B05F65300A1DFB8 /* GridView.swift in Sources */ = {isa = PBXBuildFile; fileRef = 2963A3232B05F65300A1DFB8 /* GridView.swift */; };
		2963A3262B05F67500A1DFB8 /* GeneratePlaylist.swift in Sources */ = {isa = PBXBuildFile; fileRef = 2963A3252B05F67500A1DFB8 /* GeneratePlaylist.swift */; };
		2963A3282B05F68500A1DFB8 /* LoadingScreenView.swift in Sources */ = {isa = PBXBuildFile; fileRef = 2963A3272B05F68500A1DFB8 /* LoadingScreenView.swift */; };
/* End PBXBuildFile section */

/* Begin PBXContainerItemProxy section */
		2963A3052B05F5FC00A1DFB8 /* PBXContainerItemProxy */ = {
			isa = PBXContainerItemProxy;
			containerPortal = 2963A2EB2B05F5FB00A1DFB8 /* Project object */;
			proxyType = 1;
			remoteGlobalIDString = 2963A2F22B05F5FB00A1DFB8;
			remoteInfo = MixtifyDemo;
		};
		2963A30F2B05F5FC00A1DFB8 /* PBXContainerItemProxy */ = {
			isa = PBXContainerItemProxy;
			containerPortal = 2963A2EB2B05F5FB00A1DFB8 /* Project object */;
			proxyType = 1;
			remoteGlobalIDString = 2963A2F22B05F5FB00A1DFB8;
			remoteInfo = MixtifyDemo;
		};
/* End PBXContainerItemProxy section */

/* Begin PBXFileReference section */
		2963A2F32B05F5FB00A1DFB8 /* MixtifyDemo.app */ = {isa = PBXFileReference; explicitFileType = wrapper.application; includeInIndex = 0; path = MixtifyDemo.app; sourceTree = BUILT_PRODUCTS_DIR; };
		2963A2F62B05F5FB00A1DFB8 /* MixtifyDemoApp.swift */ = {isa = PBXFileReference; lastKnownFileType = sourcecode.swift; path = MixtifyDemoApp.swift; sourceTree = "<group>"; };
		2963A2F82B05F5FB00A1DFB8 /* ContentView.swift */ = {isa = PBXFileReference; lastKnownFileType = sourcecode.swift; path = ContentView.swift; sourceTree = "<group>"; };
		2963A2FA2B05F5FC00A1DFB8 /* Assets.xcassets */ = {isa = PBXFileReference; lastKnownFileType = folder.assetcatalog; path = Assets.xcassets; sourceTree = "<group>"; };
		2963A2FC2B05F5FC00A1DFB8 /* MixtifyDemo.entitlements */ = {isa = PBXFileReference; lastKnownFileType = text.plist.entitlements; path = MixtifyDemo.entitlements; sourceTree = "<group>"; };
		2963A2FE2B05F5FC00A1DFB8 /* Preview Assets.xcassets */ = {isa = PBXFileReference; lastKnownFileType = folder.assetcatalog; path = "Preview Assets.xcassets"; sourceTree = "<group>"; };
		2963A3042B05F5FC00A1DFB8 /* MixtifyDemoTests.xctest */ = {isa = PBXFileReference; explicitFileType = wrapper.cfbundle; includeInIndex = 0; path = MixtifyDemoTests.xctest; sourceTree = BUILT_PRODUCTS_DIR; };
		2963A3082B05F5FC00A1DFB8 /* MixtifyDemoTests.swift */ = {isa = PBXFileReference; lastKnownFileType = sourcecode.swift; path = MixtifyDemoTests.swift; sourceTree = "<group>"; };
		2963A30E2B05F5FC00A1DFB8 /* MixtifyDemoUITests.xctest */ = {isa = PBXFileReference; explicitFileType = wrapper.cfbundle; includeInIndex = 0; path = MixtifyDemoUITests.xctest; sourceTree = BUILT_PRODUCTS_DIR; };
		2963A3122B05F5FC00A1DFB8 /* MixtifyDemoUITests.swift */ = {isa = PBXFileReference; lastKnownFileType = sourcecode.swift; path = MixtifyDemoUITests.swift; sourceTree = "<group>"; };
		2963A3142B05F5FC00A1DFB8 /* MixtifyDemoUITestsLaunchTests.swift */ = {isa = PBXFileReference; lastKnownFileType = sourcecode.swift; path = MixtifyDemoUITestsLaunchTests.swift; sourceTree = "<group>"; };
		2963A3212B05F63200A1DFB8 /* WelcomeView.swift */ = {isa = PBXFileReference; fileEncoding = 4; lastKnownFileType = sourcecode.swift; path = WelcomeView.swift; sourceTree = "<group>"; };
		2963A3232B05F65300A1DFB8 /* GridView.swift */ = {isa = PBXFileReference; fileEncoding = 4; lastKnownFileType = sourcecode.swift; path = GridView.swift; sourceTree = "<group>"; };
		2963A3252B05F67500A1DFB8 /* GeneratePlaylist.swift */ = {isa = PBXFileReference; fileEncoding = 4; lastKnownFileType = sourcecode.swift; path = GeneratePlaylist.swift; sourceTree = "<group>"; };
		2963A3272B05F68500A1DFB8 /* LoadingScreenView.swift */ = {isa = PBXFileReference; fileEncoding = 4; lastKnownFileType = sourcecode.swift; path = LoadingScreenView.swift; sourceTree = "<group>"; };
/* End PBXFileReference section */

/* Begin PBXFrameworksBuildPhase section */
		2963A2F02B05F5FB00A1DFB8 /* Frameworks */ = {
			isa = PBXFrameworksBuildPhase;
			buildActionMask = 2147483647;
			files = (
			);
			runOnlyForDeploymentPostprocessing = 0;
		};
		2963A3012B05F5FC00A1DFB8 /* Frameworks */ = {
			isa = PBXFrameworksBuildPhase;
			buildActionMask = 2147483647;
			files = (
			);
			runOnlyForDeploymentPostprocessing = 0;
		};
		2963A30B2B05F5FC00A1DFB8 /* Frameworks */ = {
			isa = PBXFrameworksBuildPhase;
			buildActionMask = 2147483647;
			files = (
			);
			runOnlyForDeploymentPostprocessing = 0;
		};
/* End PBXFrameworksBuildPhase section */

/* Begin PBXGroup section */
		2963A2EA2B05F5FB00A1DFB8 = {
			isa = PBXGroup;
			children = (
				2963A2F52B05F5FB00A1DFB8 /* MixtifyDemo */,
				2963A3072B05F5FC00A1DFB8 /* MixtifyDemoTests */,
				2963A3112B05F5FC00A1DFB8 /* MixtifyDemoUITests */,
				2963A2F42B05F5FB00A1DFB8 /* Products */,
			);
			sourceTree = "<group>";
		};
		2963A2F42B05F5FB00A1DFB8 /* Products */ = {
			isa = PBXGroup;
			children = (
				2963A2F32B05F5FB00A1DFB8 /* MixtifyDemo.app */,
				2963A3042B05F5FC00A1DFB8 /* MixtifyDemoTests.xctest */,
				2963A30E2B05F5FC00A1DFB8 /* MixtifyDemoUITests.xctest */,
			);
			name = Products;
			sourceTree = "<group>";
		};
		2963A2F52B05F5FB00A1DFB8 /* MixtifyDemo */ = {
			isa = PBXGroup;
			children = (
				2963A2F62B05F5FB00A1DFB8 /* MixtifyDemoApp.swift */,
				2963A3212B05F63200A1DFB8 /* WelcomeView.swift */,
				2963A3232B05F65300A1DFB8 /* GridView.swift */,
				2963A3272B05F68500A1DFB8 /* LoadingScreenView.swift */,
				2963A3252B05F67500A1DFB8 /* GeneratePlaylist.swift */,
				2963A2F82B05F5FB00A1DFB8 /* ContentView.swift */,
				2963A2FA2B05F5FC00A1DFB8 /* Assets.xcassets */,
				2963A2FC2B05F5FC00A1DFB8 /* MixtifyDemo.entitlements */,
				2963A2FD2B05F5FC00A1DFB8 /* Preview Content */,
			);
			path = MixtifyDemo;
			sourceTree = "<group>";
		};
		2963A2FD2B05F5FC00A1DFB8 /* Preview Content */ = {
			isa = PBXGroup;
			children = (
				2963A2FE2B05F5FC00A1DFB8 /* Preview Assets.xcassets */,
			);
			path = "Preview Content";
			sourceTree = "<group>";
		};
		2963A3072B05F5FC00A1DFB8 /* MixtifyDemoTests */ = {
			isa = PBXGroup;
			children = (
				2963A3082B05F5FC00A1DFB8 /* MixtifyDemoTests.swift */,
			);
			path = MixtifyDemoTests;
			sourceTree = "<group>";
		};
		2963A3112B05F5FC00A1DFB8 /* MixtifyDemoUITests */ = {
			isa = PBXGroup;
			children = (
				2963A3122B05F5FC00A1DFB8 /* MixtifyDemoUITests.swift */,
				2963A3142B05F5FC00A1DFB8 /* MixtifyDemoUITestsLaunchTests.swift */,
			);
			path = MixtifyDemoUITests;
			sourceTree = "<group>";
		};
/* End PBXGroup section */

/* Begin PBXNativeTarget section */
		2963A2F22B05F5FB00A1DFB8 /* MixtifyDemo */ = {
			isa = PBXNativeTarget;
			buildConfigurationList = 2963A3182B05F5FC00A1DFB8 /* Build configuration list for PBXNativeTarget "MixtifyDemo" */;
			buildPhases = (
				2963A2EF2B05F5FB00A1DFB8 /* Sources */,
				2963A2F02B05F5FB00A1DFB8 /* Frameworks */,
				2963A2F12B05F5FB00A1DFB8 /* Resources */,
			);
			buildRules = (
			);
			dependencies = (
			);
			name = MixtifyDemo;
			productName = MixtifyDemo;
			productReference = 2963A2F32B05F5FB00A1DFB8 /* MixtifyDemo.app */;
			productType = "com.apple.product-type.application";
		};
		2963A3032B05F5FC00A1DFB8 /* MixtifyDemoTests */ = {
			isa = PBXNativeTarget;
			buildConfigurationList = 2963A31B2B05F5FC00A1DFB8 /* Build configuration list for PBXNativeTarget "MixtifyDemoTests" */;
			buildPhases = (
				2963A3002B05F5FC00A1DFB8 /* Sources */,
				2963A3012B05F5FC00A1DFB8 /* Frameworks */,
				2963A3022B05F5FC00A1DFB8 /* Resources */,
			);
			buildRules = (
			);
			dependencies = (
				2963A3062B05F5FC00A1DFB8 /* PBXTargetDependency */,
			);
			name = MixtifyDemoTests;
			productName = MixtifyDemoTests;
			productReference = 2963A3042B05F5FC00A1DFB8 /* MixtifyDemoTests.xctest */;
			productType = "com.apple.product-type.bundle.unit-test";
		};
		2963A30D2B05F5FC00A1DFB8 /* MixtifyDemoUITests */ = {
			isa = PBXNativeTarget;
			buildConfigurationList = 2963A31E2B05F5FC00A1DFB8 /* Build configuration list for PBXNativeTarget "MixtifyDemoUITests" */;
			buildPhases = (
				2963A30A2B05F5FC00A1DFB8 /* Sources */,
				2963A30B2B05F5FC00A1DFB8 /* Frameworks */,
				2963A30C2B05F5FC00A1DFB8 /* Resources */,
			);
			buildRules = (
			);
			dependencies = (
				2963A3102B05F5FC00A1DFB8 /* PBXTargetDependency */,
			);
			name = MixtifyDemoUITests;
			productName = MixtifyDemoUITests;
			productReference = 2963A30E2B05F5FC00A1DFB8 /* MixtifyDemoUITests.xctest */;
			productType = "com.apple.product-type.bundle.ui-testing";
		};
/* End PBXNativeTarget section */

/* Begin PBXProject section */
		2963A2EB2B05F5FB00A1DFB8 /* Project object */ = {
			isa = PBXProject;
			attributes = {
				BuildIndependentTargetsInParallel = 1;
				LastSwiftUpdateCheck = 1500;
				LastUpgradeCheck = 1500;
				TargetAttributes = {
					2963A2F22B05F5FB00A1DFB8 = {
						CreatedOnToolsVersion = 15.0;
					};
					2963A3032B05F5FC00A1DFB8 = {
						CreatedOnToolsVersion = 15.0;
						TestTargetID = 2963A2F22B05F5FB00A1DFB8;
					};
					2963A30D2B05F5FC00A1DFB8 = {
						CreatedOnToolsVersion = 15.0;
						TestTargetID = 2963A2F22B05F5FB00A1DFB8;
					};
				};
			};
			buildConfigurationList = 2963A2EE2B05F5FB00A1DFB8 /* Build configuration list for PBXProject "MixtifyDemo" */;
			compatibilityVersion = "Xcode 14.0";
			developmentRegion = en;
			hasScannedForEncodings = 0;
			knownRegions = (
				en,
				Base,
			);
			mainGroup = 2963A2EA2B05F5FB00A1DFB8;
			productRefGroup = 2963A2F42B05F5FB00A1DFB8 /* Products */;
			projectDirPath = "";
			projectRoot = "";
			targets = (
				2963A2F22B05F5FB00A1DFB8 /* MixtifyDemo */,
				2963A3032B05F5FC00A1DFB8 /* MixtifyDemoTests */,
				2963A30D2B05F5FC00A1DFB8 /* MixtifyDemoUITests */,
			);
		};
/* End PBXProject section */

/* Begin PBXResourcesBuildPhase section */
		2963A2F12B05F5FB00A1DFB8 /* Resources */ = {
			isa = PBXResourcesBuildPhase;
			buildActionMask = 2147483647;
			files = (
				2963A2FF2B05F5FC00A1DFB8 /* Preview Assets.xcassets in Resources */,
				2963A2FB2B05F5FC00A1DFB8 /* Assets.xcassets in Resources */,
			);
			runOnlyForDeploymentPostprocessing = 0;
		};
		2963A3022B05F5FC00A1DFB8 /* Resources */ = {
			isa = PBXResourcesBuildPhase;
			buildActionMask = 2147483647;
			files = (
			);
			runOnlyForDeploymentPostprocessing = 0;
		};
		2963A30C2B05F5FC00A1DFB8 /* Resources */ = {
			isa = PBXResourcesBuildPhase;
			buildActionMask = 2147483647;
			files = (
			);
			runOnlyForDeploymentPostprocessing = 0;
		};
/* End PBXResourcesBuildPhase section */

/* Begin PBXSourcesBuildPhase section */
		2963A2EF2B05F5FB00A1DFB8 /* Sources */ = {
			isa = PBXSourcesBuildPhase;
			buildActionMask = 2147483647;
			files = (
				2963A2F92B05F5FB00A1DFB8 /* ContentView.swift in Sources */,
				2963A3222B05F63300A1DFB8 /* WelcomeView.swift in Sources */,
				2963A3262B05F67500A1DFB8 /* GeneratePlaylist.swift in Sources */,
				2963A3242B05F65300A1DFB8 /* GridView.swift in Sources */,
				2963A2F72B05F5FB00A1DFB8 /* MixtifyDemoApp.swift in Sources */,
				2963A3282B05F68500A1DFB8 /* LoadingScreenView.swift in Sources */,
			);
			runOnlyForDeploymentPostprocessing = 0;
		};
		2963A3002B05F5FC00A1DFB8 /* Sources */ = {
			isa = PBXSourcesBuildPhase;
			buildActionMask = 2147483647;
			files = (
				2963A3092B05F5FC00A1DFB8 /* MixtifyDemoTests.swift in Sources */,
			);
			runOnlyForDeploymentPostprocessing = 0;
		};
		2963A30A2B05F5FC00A1DFB8 /* Sources */ = {
			isa = PBXSourcesBuildPhase;
			buildActionMask = 2147483647;
			files = (
				2963A3152B05F5FC00A1DFB8 /* MixtifyDemoUITestsLaunchTests.swift in Sources */,
				2963A3132B05F5FC00A1DFB8 /* MixtifyDemoUITests.swift in Sources */,
			);
			runOnlyForDeploymentPostprocessing = 0;
		};
/* End PBXSourcesBuildPhase section */

/* Begin PBXTargetDependency section */
		2963A3062B05F5FC00A1DFB8 /* PBXTargetDependency */ = {
			isa = PBXTargetDependency;
			target = 2963A2F22B05F5FB00A1DFB8 /* MixtifyDemo */;
			targetProxy = 2963A3052B05F5FC00A1DFB8 /* PBXContainerItemProxy */;
		};
		2963A3102B05F5FC00A1DFB8 /* PBXTargetDependency */ = {
			isa = PBXTargetDependency;
			target = 2963A2F22B05F5FB00A1DFB8 /* MixtifyDemo */;
			targetProxy = 2963A30F2B05F5FC00A1DFB8 /* PBXContainerItemProxy */;
		};
/* End PBXTargetDependency section */

/* Begin XCBuildConfiguration section */
		2963A3162B05F5FC00A1DFB8 /* Debug */ = {
			isa = XCBuildConfiguration;
			buildSettings = {
				ALWAYS_SEARCH_USER_PATHS = NO;
				ASSETCATALOG_COMPILER_GENERATE_SWIFT_ASSET_SYMBOL_EXTENSIONS = YES;
				CLANG_ANALYZER_NONNULL = YES;
				CLANG_ANALYZER_NUMBER_OBJECT_CONVERSION = YES_AGGRESSIVE;
				CLANG_CXX_LANGUAGE_STANDARD = "gnu++20";
				CLANG_ENABLE_MODULES = YES;
				CLANG_ENABLE_OBJC_ARC = YES;
				CLANG_ENABLE_OBJC_WEAK = YES;
				CLANG_WARN_BLOCK_CAPTURE_AUTORELEASING = YES;
				CLANG_WARN_BOOL_CONVERSION = YES;
				CLANG_WARN_COMMA = YES;
				CLANG_WARN_CONSTANT_CONVERSION = YES;
				CLANG_WARN_DEPRECATED_OBJC_IMPLEMENTATIONS = YES;
				CLANG_WARN_DIRECT_OBJC_ISA_USAGE = YES_ERROR;
				CLANG_WARN_DOCUMENTATION_COMMENTS = YES;
				CLANG_WARN_EMPTY_BODY = YES;
				CLANG_WARN_ENUM_CONVERSION = YES;
				CLANG_WARN_INFINITE_RECURSION = YES;
				CLANG_WARN_INT_CONVERSION = YES;
				CLANG_WARN_NON_LITERAL_NULL_CONVERSION = YES;
				CLANG_WARN_OBJC_IMPLICIT_RETAIN_SELF = YES;
				CLANG_WARN_OBJC_LITERAL_CONVERSION = YES;
				CLANG_WARN_OBJC_ROOT_CLASS = YES_ERROR;
				CLANG_WARN_QUOTED_INCLUDE_IN_FRAMEWORK_HEADER = YES;
				CLANG_WARN_RANGE_LOOP_ANALYSIS = YES;
				CLANG_WARN_STRICT_PROTOTYPES = YES;
				CLANG_WARN_SUSPICIOUS_MOVE = YES;
				CLANG_WARN_UNGUARDED_AVAILABILITY = YES_AGGRESSIVE;
				CLANG_WARN_UNREACHABLE_CODE = YES;
				CLANG_WARN__DUPLICATE_METHOD_MATCH = YES;
				COPY_PHASE_STRIP = NO;
				DEBUG_INFORMATION_FORMAT = dwarf;
				ENABLE_STRICT_OBJC_MSGSEND = YES;
				ENABLE_TESTABILITY = YES;
				ENABLE_USER_SCRIPT_SANDBOXING = YES;
				GCC_C_LANGUAGE_STANDARD = gnu17;
				GCC_DYNAMIC_NO_PIC = NO;
				GCC_NO_COMMON_BLOCKS = YES;
				GCC_OPTIMIZATION_LEVEL = 0;
				GCC_PREPROCESSOR_DEFINITIONS = (
					"DEBUG=1",
					"$(inherited)",
				);
				GCC_WARN_64_TO_32_BIT_CONVERSION = YES;
				GCC_WARN_ABOUT_RETURN_TYPE = YES_ERROR;
				GCC_WARN_UNDECLARED_SELECTOR = YES;
				GCC_WARN_UNINITIALIZED_AUTOS = YES_AGGRESSIVE;
				GCC_WARN_UNUSED_FUNCTION = YES;
				GCC_WARN_UNUSED_VARIABLE = YES;
				LOCALIZATION_PREFERS_STRING_CATALOGS = YES;
				MTL_ENABLE_DEBUG_INFO = INCLUDE_SOURCE;
				MTL_FAST_MATH = YES;
				ONLY_ACTIVE_ARCH = YES;
				SWIFT_ACTIVE_COMPILATION_CONDITIONS = "DEBUG $(inherited)";
				SWIFT_OPTIMIZATION_LEVEL = "-Onone";
			};
			name = Debug;
		};
		2963A3172B05F5FC00A1DFB8 /* Release */ = {
			isa = XCBuildConfiguration;
			buildSettings = {
				ALWAYS_SEARCH_USER_PATHS = NO;
				ASSETCATALOG_COMPILER_GENERATE_SWIFT_ASSET_SYMBOL_EXTENSIONS = YES;
				CLANG_ANALYZER_NONNULL = YES;
				CLANG_ANALYZER_NUMBER_OBJECT_CONVERSION = YES_AGGRESSIVE;
				CLANG_CXX_LANGUAGE_STANDARD = "gnu++20";
				CLANG_ENABLE_MODULES = YES;
				CLANG_ENABLE_OBJC_ARC = YES;
				CLANG_ENABLE_OBJC_WEAK = YES;
				CLANG_WARN_BLOCK_CAPTURE_AUTORELEASING = YES;
				CLANG_WARN_BOOL_CONVERSION = YES;
				CLANG_WARN_COMMA = YES;
				CLANG_WARN_CONSTANT_CONVERSION = YES;
				CLANG_WARN_DEPRECATED_OBJC_IMPLEMENTATIONS = YES;
				CLANG_WARN_DIRECT_OBJC_ISA_USAGE = YES_ERROR;
				CLANG_WARN_DOCUMENTATION_COMMENTS = YES;
				CLANG_WARN_EMPTY_BODY = YES;
				CLANG_WARN_ENUM_CONVERSION = YES;
				CLANG_WARN_INFINITE_RECURSION = YES;
				CLANG_WARN_INT_CONVERSION = YES;
				CLANG_WARN_NON_LITERAL_NULL_CONVERSION = YES;
				CLANG_WARN_OBJC_IMPLICIT_RETAIN_SELF = YES;
				CLANG_WARN_OBJC_LITERAL_CONVERSION = YES;
				CLANG_WARN_OBJC_ROOT_CLASS = YES_ERROR;
				CLANG_WARN_QUOTED_INCLUDE_IN_FRAMEWORK_HEADER = YES;
				CLANG_WARN_RANGE_LOOP_ANALYSIS = YES;
				CLANG_WARN_STRICT_PROTOTYPES = YES;
				CLANG_WARN_SUSPICIOUS_MOVE = YES;
				CLANG_WARN_UNGUARDED_AVAILABILITY = YES_AGGRESSIVE;
				CLANG_WARN_UNREACHABLE_CODE = YES;
				CLANG_WARN__DUPLICATE_METHOD_MATCH = YES;
				COPY_PHASE_STRIP = NO;
				DEBUG_INFORMATION_FORMAT = "dwarf-with-dsym";
				ENABLE_NS_ASSERTIONS = NO;
				ENABLE_STRICT_OBJC_MSGSEND = YES;
				ENABLE_USER_SCRIPT_SANDBOXING = YES;
				GCC_C_LANGUAGE_STANDARD = gnu17;
				GCC_NO_COMMON_BLOCKS = YES;
				GCC_WARN_64_TO_32_BIT_CONVERSION = YES;
				GCC_WARN_ABOUT_RETURN_TYPE = YES_ERROR;
				GCC_WARN_UNDECLARED_SELECTOR = YES;
				GCC_WARN_UNINITIALIZED_AUTOS = YES_AGGRESSIVE;
				GCC_WARN_UNUSED_FUNCTION = YES;
				GCC_WARN_UNUSED_VARIABLE = YES;
				LOCALIZATION_PREFERS_STRING_CATALOGS = YES;
				MTL_ENABLE_DEBUG_INFO = NO;
				MTL_FAST_MATH = YES;
				SWIFT_COMPILATION_MODE = wholemodule;
			};
			name = Release;
		};
		2963A3192B05F5FC00A1DFB8 /* Debug */ = {
			isa = XCBuildConfiguration;
			buildSettings = {
				ASSETCATALOG_COMPILER_APPICON_NAME = AppIcon;
				ASSETCATALOG_COMPILER_GLOBAL_ACCENT_COLOR_NAME = AccentColor;
				CODE_SIGN_ENTITLEMENTS = MixtifyDemo/MixtifyDemo.entitlements;
				CODE_SIGN_STYLE = Automatic;
				CURRENT_PROJECT_VERSION = 1;
				DEVELOPMENT_ASSET_PATHS = "\"MixtifyDemo/Preview Content\"";
				DEVELOPMENT_TEAM = Y46ALDLY7Y;
				ENABLE_PREVIEWS = YES;
				GENERATE_INFOPLIST_FILE = YES;
				"INFOPLIST_KEY_UIApplicationSceneManifest_Generation[sdk=iphoneos*]" = YES;
				"INFOPLIST_KEY_UIApplicationSceneManifest_Generation[sdk=iphonesimulator*]" = YES;
				"INFOPLIST_KEY_UIApplicationSupportsIndirectInputEvents[sdk=iphoneos*]" = YES;
				"INFOPLIST_KEY_UIApplicationSupportsIndirectInputEvents[sdk=iphonesimulator*]" = YES;
				"INFOPLIST_KEY_UILaunchScreen_Generation[sdk=iphoneos*]" = YES;
				"INFOPLIST_KEY_UILaunchScreen_Generation[sdk=iphonesimulator*]" = YES;
				"INFOPLIST_KEY_UIStatusBarStyle[sdk=iphoneos*]" = UIStatusBarStyleDefault;
				"INFOPLIST_KEY_UIStatusBarStyle[sdk=iphonesimulator*]" = UIStatusBarStyleDefault;
				INFOPLIST_KEY_UISupportedInterfaceOrientations_iPad = "UIInterfaceOrientationPortrait UIInterfaceOrientationPortraitUpsideDown UIInterfaceOrientationLandscapeLeft UIInterfaceOrientationLandscapeRight";
				INFOPLIST_KEY_UISupportedInterfaceOrientations_iPhone = "UIInterfaceOrientationPortrait UIInterfaceOrientationLandscapeLeft UIInterfaceOrientationLandscapeRight";
				IPHONEOS_DEPLOYMENT_TARGET = 17.0;
				LD_RUNPATH_SEARCH_PATHS = "@executable_path/Frameworks";
				"LD_RUNPATH_SEARCH_PATHS[sdk=macosx*]" = "@executable_path/../Frameworks";
				MACOSX_DEPLOYMENT_TARGET = 14.0;
				MARKETING_VERSION = 1.0;
				PRODUCT_BUNDLE_IDENTIFIER = sheCodes.MixtifyDemo;
				PRODUCT_NAME = "$(TARGET_NAME)";
				SDKROOT = auto;
				SUPPORTED_PLATFORMS = "iphoneos iphonesimulator macosx";
				SWIFT_EMIT_LOC_STRINGS = YES;
				SWIFT_VERSION = 5.0;
				TARGETED_DEVICE_FAMILY = "1,2";
			};
			name = Debug;
		};
		2963A31A2B05F5FC00A1DFB8 /* Release */ = {
			isa = XCBuildConfiguration;
			buildSettings = {
				ASSETCATALOG_COMPILER_APPICON_NAME = AppIcon;
				ASSETCATALOG_COMPILER_GLOBAL_ACCENT_COLOR_NAME = AccentColor;
				CODE_SIGN_ENTITLEMENTS = MixtifyDemo/MixtifyDemo.entitlements;
				CODE_SIGN_STYLE = Automatic;
				CURRENT_PROJECT_VERSION = 1;
				DEVELOPMENT_ASSET_PATHS = "\"MixtifyDemo/Preview Content\"";
				DEVELOPMENT_TEAM = Y46ALDLY7Y;
				ENABLE_PREVIEWS = YES;
				GENERATE_INFOPLIST_FILE = YES;
				"INFOPLIST_KEY_UIApplicationSceneManifest_Generation[sdk=iphoneos*]" = YES;
				"INFOPLIST_KEY_UIApplicationSceneManifest_Generation[sdk=iphonesimulator*]" = YES;
				"INFOPLIST_KEY_UIApplicationSupportsIndirectInputEvents[sdk=iphoneos*]" = YES;
				"INFOPLIST_KEY_UIApplicationSupportsIndirectInputEvents[sdk=iphonesimulator*]" = YES;
				"INFOPLIST_KEY_UILaunchScreen_Generation[sdk=iphoneos*]" = YES;
				"INFOPLIST_KEY_UILaunchScreen_Generation[sdk=iphonesimulator*]" = YES;
				"INFOPLIST_KEY_UIStatusBarStyle[sdk=iphoneos*]" = UIStatusBarStyleDefault;
				"INFOPLIST_KEY_UIStatusBarStyle[sdk=iphonesimulator*]" = UIStatusBarStyleDefault;
				INFOPLIST_KEY_UISupportedInterfaceOrientations_iPad = "UIInterfaceOrientationPortrait UIInterfaceOrientationPortraitUpsideDown UIInterfaceOrientationLandscapeLeft UIInterfaceOrientationLandscapeRight";
				INFOPLIST_KEY_UISupportedInterfaceOrientations_iPhone = "UIInterfaceOrientationPortrait UIInterfaceOrientationLandscapeLeft UIInterfaceOrientationLandscapeRight";
				IPHONEOS_DEPLOYMENT_TARGET = 17.0;
				LD_RUNPATH_SEARCH_PATHS = "@executable_path/Frameworks";
				"LD_RUNPATH_SEARCH_PATHS[sdk=macosx*]" = "@executable_path/../Frameworks";
				MACOSX_DEPLOYMENT_TARGET = 14.0;
				MARKETING_VERSION = 1.0;
				PRODUCT_BUNDLE_IDENTIFIER = sheCodes.MixtifyDemo;
				PRODUCT_NAME = "$(TARGET_NAME)";
				SDKROOT = auto;
				SUPPORTED_PLATFORMS = "iphoneos iphonesimulator macosx";
				SWIFT_EMIT_LOC_STRINGS = YES;
				SWIFT_VERSION = 5.0;
				TARGETED_DEVICE_FAMILY = "1,2";
			};
			name = Release;
		};
		2963A31C2B05F5FC00A1DFB8 /* Debug */ = {
			isa = XCBuildConfiguration;
			buildSettings = {
				ALWAYS_EMBED_SWIFT_STANDARD_LIBRARIES = YES;
				BUNDLE_LOADER = "$(TEST_HOST)";
				CODE_SIGN_STYLE = Automatic;
				CURRENT_PROJECT_VERSION = 1;
				GENERATE_INFOPLIST_FILE = YES;
				IPHONEOS_DEPLOYMENT_TARGET = 17.0;
				MACOSX_DEPLOYMENT_TARGET = 14.0;
				MARKETING_VERSION = 1.0;
				PRODUCT_BUNDLE_IDENTIFIER = sheCodes.MixtifyDemoTests;
				PRODUCT_NAME = "$(TARGET_NAME)";
				SDKROOT = auto;
				SUPPORTED_PLATFORMS = "iphoneos iphonesimulator macosx";
				SWIFT_EMIT_LOC_STRINGS = NO;
				SWIFT_VERSION = 5.0;
				TARGETED_DEVICE_FAMILY = "1,2";
				TEST_HOST = "$(BUILT_PRODUCTS_DIR)/MixtifyDemo.app/$(BUNDLE_EXECUTABLE_FOLDER_PATH)/MixtifyDemo";
			};
			name = Debug;
		};
		2963A31D2B05F5FC00A1DFB8 /* Release */ = {
			isa = XCBuildConfiguration;
			buildSettings = {
				ALWAYS_EMBED_SWIFT_STANDARD_LIBRARIES = YES;
				BUNDLE_LOADER = "$(TEST_HOST)";
				CODE_SIGN_STYLE = Automatic;
				CURRENT_PROJECT_VERSION = 1;
				GENERATE_INFOPLIST_FILE = YES;
				IPHONEOS_DEPLOYMENT_TARGET = 17.0;
				MACOSX_DEPLOYMENT_TARGET = 14.0;
				MARKETING_VERSION = 1.0;
				PRODUCT_BUNDLE_IDENTIFIER = sheCodes.MixtifyDemoTests;
				PRODUCT_NAME = "$(TARGET_NAME)";
				SDKROOT = auto;
				SUPPORTED_PLATFORMS = "iphoneos iphonesimulator macosx";
				SWIFT_EMIT_LOC_STRINGS = NO;
				SWIFT_VERSION = 5.0;
				TARGETED_DEVICE_FAMILY = "1,2";
				TEST_HOST = "$(BUILT_PRODUCTS_DIR)/MixtifyDemo.app/$(BUNDLE_EXECUTABLE_FOLDER_PATH)/MixtifyDemo";
			};
			name = Release;
		};
		2963A31F2B05F5FC00A1DFB8 /* Debug */ = {
			isa = XCBuildConfiguration;
			buildSettings = {
				ALWAYS_EMBED_SWIFT_STANDARD_LIBRARIES = YES;
				CODE_SIGN_STYLE = Automatic;
				CURRENT_PROJECT_VERSION = 1;
				GENERATE_INFOPLIST_FILE = YES;
				IPHONEOS_DEPLOYMENT_TARGET = 17.0;
				MACOSX_DEPLOYMENT_TARGET = 14.0;
				MARKETING_VERSION = 1.0;
				PRODUCT_BUNDLE_IDENTIFIER = sheCodes.MixtifyDemoUITests;
				PRODUCT_NAME = "$(TARGET_NAME)";
				SDKROOT = auto;
				SUPPORTED_PLATFORMS = "iphoneos iphonesimulator macosx";
				SWIFT_EMIT_LOC_STRINGS = NO;
				SWIFT_VERSION = 5.0;
				TARGETED_DEVICE_FAMILY = "1,2";
				TEST_TARGET_NAME = MixtifyDemo;
			};
			name = Debug;
		};
		2963A3202B05F5FC00A1DFB8 /* Release */ = {
			isa = XCBuildConfiguration;
			buildSettings = {
				ALWAYS_EMBED_SWIFT_STANDARD_LIBRARIES = YES;
				CODE_SIGN_STYLE = Automatic;
				CURRENT_PROJECT_VERSION = 1;
				GENERATE_INFOPLIST_FILE = YES;
				IPHONEOS_DEPLOYMENT_TARGET = 17.0;
				MACOSX_DEPLOYMENT_TARGET = 14.0;
				MARKETING_VERSION = 1.0;
				PRODUCT_BUNDLE_IDENTIFIER = sheCodes.MixtifyDemoUITests;
				PRODUCT_NAME = "$(TARGET_NAME)";
				SDKROOT = auto;
				SUPPORTED_PLATFORMS = "iphoneos iphonesimulator macosx";
				SWIFT_EMIT_LOC_STRINGS = NO;
				SWIFT_VERSION = 5.0;
				TARGETED_DEVICE_FAMILY = "1,2";
				TEST_TARGET_NAME = MixtifyDemo;
			};
			name = Release;
		};
/* End XCBuildConfiguration section */

/* Begin XCConfigurationList section */
		2963A2EE2B05F5FB00A1DFB8 /* Build configuration list for PBXProject "MixtifyDemo" */ = {
			isa = XCConfigurationList;
			buildConfigurations = (
				2963A3162B05F5FC00A1DFB8 /* Debug */,
				2963A3172B05F5FC00A1DFB8 /* Release */,
			);
			defaultConfigurationIsVisible = 0;
			defaultConfigurationName = Release;
		};
		2963A3182B05F5FC00A1DFB8 /* Build configuration list for PBXNativeTarget "MixtifyDemo" */ = {
			isa = XCConfigurationList;
			buildConfigurations = (
				2963A3192B05F5FC00A1DFB8 /* Debug */,
				2963A31A2B05F5FC00A1DFB8 /* Release */,
			);
			defaultConfigurationIsVisible = 0;
			defaultConfigurationName = Release;
		};
		2963A31B2B05F5FC00A1DFB8 /* Build configuration list for PBXNativeTarget "MixtifyDemoTests" */ = {
			isa = XCConfigurationList;
			buildConfigurations = (
				2963A31C2B05F5FC00A1DFB8 /* Debug */,
				2963A31D2B05F5FC00A1DFB8 /* Release */,
			);
			defaultConfigurationIsVisible = 0;
			defaultConfigurationName = Release;
		};
		2963A31E2B05F5FC00A1DFB8 /* Build configuration list for PBXNativeTarget "MixtifyDemoUITests" */ = {
			isa = XCConfigurationList;
			buildConfigurations = (
				2963A31F2B05F5FC00A1DFB8 /* Debug */,
				2963A3202B05F5FC00A1DFB8 /* Release */,
			);
			defaultConfigurationIsVisible = 0;
			defaultConfigurationName = Release;
		};
/* End XCConfigurationList section */
	};
	rootObject = 2963A2EB2B05F5FB00A1DFB8 /* Project object */;
}
